// !$*UTF8*$!
{
	archiveVersion = 1;
	classes = {
	};
	objectVersion = 46;
	objects = {

/* Begin PBXBuildFile section */
		33DEFF391C376BBD002F4114 /* main.m in Sources */ = {isa = PBXBuildFile; fileRef = 33DEFF381C376BBD002F4114 /* main.m */; };
		33DEFF3C1C376BBD002F4114 /* AppDelegate.m in Sources */ = {isa = PBXBuildFile; fileRef = 33DEFF3B1C376BBD002F4114 /* AppDelegate.m */; };
		33DEFF3F1C376BBD002F4114 /* ViewController.m in Sources */ = {isa = PBXBuildFile; fileRef = 33DEFF3E1C376BBD002F4114 /* ViewController.m */; };
		33DEFF421C376BBD002F4114 /* Main.storyboard in Resources */ = {isa = PBXBuildFile; fileRef = 33DEFF401C376BBD002F4114 /* Main.storyboard */; };
		33DEFF441C376BBD002F4114 /* Assets.xcassets in Resources */ = {isa = PBXBuildFile; fileRef = 33DEFF431C376BBD002F4114 /* Assets.xcassets */; };
		33DEFF471C376BBD002F4114 /* LaunchScreen.storyboard in Resources */ = {isa = PBXBuildFile; fileRef = 33DEFF451C376BBD002F4114 /* LaunchScreen.storyboard */; };
		33DEFF551C376F59002F4114 /* UIViewController+MobClick.m in Sources */ = {isa = PBXBuildFile; fileRef = 33DEFF541C376F59002F4114 /* UIViewController+MobClick.m */; };
		52794C2F0C08CF7542F87857 /* libPods-Method Swizzling.a in Frameworks */ = {isa = PBXBuildFile; fileRef = 847AD2C9D50A29892233F729 /* libPods-Method Swizzling.a */; };
/* End PBXBuildFile section */

/* Begin PBXFileReference section */
		33DEFF341C376BBD002F4114 /* Method Swizzling.app */ = {isa = PBXFileReference; explicitFileType = wrapper.application; includeInIndex = 0; path = "Method Swizzling.app"; sourceTree = BUILT_PRODUCTS_DIR; };
		33DEFF381C376BBD002F4114 /* main.m */ = {isa = PBXFileReference; lastKnownFileType = sourcecode.c.objc; path = main.m; sourceTree = "<group>"; };
		33DEFF3A1C376BBD002F4114 /* AppDelegate.h */ = {isa = PBXFileReference; lastKnownFileType = sourcecode.c.h; path = AppDelegate.h; sourceTree = "<group>"; };
		33DEFF3B1C376BBD002F4114 /* AppDelegate.m */ = {isa = PBXFileReference; lastKnownFileType = sourcecode.c.objc; path = AppDelegate.m; sourceTree = "<group>"; };
		33DEFF3D1C376BBD002F4114 /* ViewController.h */ = {isa = PBXFileReference; lastKnownFileType = sourcecode.c.h; path = ViewController.h; sourceTree = "<group>"; };
		33DEFF3E1C376BBD002F4114 /* ViewController.m */ = {isa = PBXFileReference; lastKnownFileType = sourcecode.c.objc; path = ViewController.m; sourceTree = "<group>"; };
		33DEFF411C376BBD002F4114 /* Base */ = {isa = PBXFileReference; lastKnownFileType = file.storyboard; name = Base; path = Base.lproj/Main.storyboard; sourceTree = "<group>"; };
		33DEFF431C376BBD002F4114 /* Assets.xcassets */ = {isa = PBXFileReference; lastKnownFileType = folder.assetcatalog; path = Assets.xcassets; sourceTree = "<group>"; };
		33DEFF461C376BBD002F4114 /* Base */ = {isa = PBXFileReference; lastKnownFileType = file.storyboard; name = Base; path = Base.lproj/LaunchScreen.storyboard; sourceTree = "<group>"; };
		33DEFF481C376BBD002F4114 /* Info.plist */ = {isa = PBXFileReference; lastKnownFileType = text.plist.xml; path = Info.plist; sourceTree = "<group>"; };
		33DEFF531C376F59002F4114 /* UIViewController+MobClick.h */ = {isa = PBXFileReference; fileEncoding = 4; lastKnownFileType = sourcecode.c.h; path = "UIViewController+MobClick.h"; sourceTree = "<group>"; };
		33DEFF541C376F59002F4114 /* UIViewController+MobClick.m */ = {isa = PBXFileReference; fileEncoding = 4; lastKnownFileType = sourcecode.c.objc; path = "UIViewController+MobClick.m"; sourceTree = "<group>"; };
		636F5B56B7CFF8EA6E6B8461 /* Pods-Method Swizzling.release.xcconfig */ = {isa = PBXFileReference; includeInIndex = 1; lastKnownFileType = text.xcconfig; name = "Pods-Method Swizzling.release.xcconfig"; path = "Pods/Target Support Files/Pods-Method Swizzling/Pods-Method Swizzling.release.xcconfig"; sourceTree = "<group>"; };
		847AD2C9D50A29892233F729 /* libPods-Method Swizzling.a */ = {isa = PBXFileReference; explicitFileType = archive.ar; includeInIndex = 0; path = "libPods-Method Swizzling.a"; sourceTree = BUILT_PRODUCTS_DIR; };
		CA843FDCCF122B4A01E57625 /* Pods-Method Swizzling.debug.xcconfig */ = {isa = PBXFileReference; includeInIndex = 1; lastKnownFileType = text.xcconfig; name = "Pods-Method Swizzling.debug.xcconfig"; path = "Pods/Target Support Files/Pods-Method Swizzling/Pods-Method Swizzling.debug.xcconfig"; sourceTree = "<group>"; };
/* End PBXFileReference section */

/* Begin PBXFrameworksBuildPhase section */
		33DEFF311C376BBD002F4114 /* Frameworks */ = {
			isa = PBXFrameworksBuildPhase;
			buildActionMask = 2147483647;
			files = (
				52794C2F0C08CF7542F87857 /* libPods-Method Swizzling.a in Frameworks */,
			);
			runOnlyForDeploymentPostprocessing = 0;
		};
/* End PBXFrameworksBuildPhase section */

/* Begin PBXGroup section */
		33DEFF2B1C376BBD002F4114 = {
			isa = PBXGroup;
			children = (
				33DEFF361C376BBD002F4114 /* Method Swizzling */,
				33DEFF351C376BBD002F4114 /* Products */,
				7871C3D068C7A62344A3D154 /* Pods */,
				6DD2772E143B57FEAEBB0905 /* Frameworks */,
			);
			sourceTree = "<group>";
		};
		33DEFF351C376BBD002F4114 /* Products */ = {
			isa = PBXGroup;
			children = (
				33DEFF341C376BBD002F4114 /* Method Swizzling.app */,
			);
			name = Products;
			sourceTree = "<group>";
		};
		33DEFF361C376BBD002F4114 /* Method Swizzling */ = {
			isa = PBXGroup;
			children = (
				33DEFF3A1C376BBD002F4114 /* AppDelegate.h */,
				33DEFF3B1C376BBD002F4114 /* AppDelegate.m */,
				33DEFF3D1C376BBD002F4114 /* ViewController.h */,
				33DEFF3E1C376BBD002F4114 /* ViewController.m */,
				33DEFF401C376BBD002F4114 /* Main.storyboard */,
				33DEFF431C376BBD002F4114 /* Assets.xcassets */,
				33DEFF451C376BBD002F4114 /* LaunchScreen.storyboard */,
				33DEFF481C376BBD002F4114 /* Info.plist */,
				33DEFF371C376BBD002F4114 /* Supporting Files */,
				33DEFF531C376F59002F4114 /* UIViewController+MobClick.h */,
				33DEFF541C376F59002F4114 /* UIViewController+MobClick.m */,
			);
			path = "Method Swizzling";
			sourceTree = "<group>";
		};
		33DEFF371C376BBD002F4114 /* Supporting Files */ = {
			isa = PBXGroup;
			children = (
				33DEFF381C376BBD002F4114 /* main.m */,
			);
			name = "Supporting Files";
			sourceTree = "<group>";
		};
		6DD2772E143B57FEAEBB0905 /* Frameworks */ = {
			isa = PBXGroup;
			children = (
				847AD2C9D50A29892233F729 /* libPods-Method Swizzling.a */,
			);
			name = Frameworks;
			sourceTree = "<group>";
		};
		7871C3D068C7A62344A3D154 /* Pods */ = {
			isa = PBXGroup;
			children = (
				CA843FDCCF122B4A01E57625 /* Pods-Method Swizzling.debug.xcconfig */,
				636F5B56B7CFF8EA6E6B8461 /* Pods-Method Swizzling.release.xcconfig */,
			);
			name = Pods;
			sourceTree = "<group>";
		};
/* End PBXGroup section */

/* Begin PBXNativeTarget section */
		33DEFF331C376BBD002F4114 /* Method Swizzling */ = {
			isa = PBXNativeTarget;
			buildConfigurationList = 33DEFF4B1C376BBD002F4114 /* Build configuration list for PBXNativeTarget "Method Swizzling" */;
			buildPhases = (
				91F68074429054906A12AB7F /* Check Pods Manifest.lock */,
				33DEFF301C376BBD002F4114 /* Sources */,
				33DEFF311C376BBD002F4114 /* Frameworks */,
				33DEFF321C376BBD002F4114 /* Resources */,
				8D57ABC48296B53F68EAB342 /* Copy Pods Resources */,
			);
			buildRules = (
			);
			dependencies = (
			);
			name = "Method Swizzling";
			productName = "Method Swizzling";
			productReference = 33DEFF341C376BBD002F4114 /* Method Swizzling.app */;
			productType = "com.apple.product-type.application";
		};
/* End PBXNativeTarget section */

/* Begin PBXProject section */
		33DEFF2C1C376BBD002F4114 /* Project object */ = {
			isa = PBXProject;
			attributes = {
				LastUpgradeCheck = 0720;
				ORGANIZATIONNAME = bluesky;
				TargetAttributes = {
					33DEFF331C376BBD002F4114 = {
						CreatedOnToolsVersion = 7.2;
						DevelopmentTeam = CS8N794MM2;
					};
				};
			};
			buildConfigurationList = 33DEFF2F1C376BBD002F4114 /* Build configuration list for PBXProject "Method Swizzling" */;
			compatibilityVersion = "Xcode 3.2";
			developmentRegion = English;
			hasScannedForEncodings = 0;
			knownRegions = (
				en,
				Base,
			);
			mainGroup = 33DEFF2B1C376BBD002F4114;
			productRefGroup = 33DEFF351C376BBD002F4114 /* Products */;
			projectDirPath = "";
			projectRoot = "";
			targets = (
				33DEFF331C376BBD002F4114 /* Method Swizzling */,
			);
		};
/* End PBXProject section */

/* Begin PBXResourcesBuildPhase section */
		33DEFF321C376BBD002F4114 /* Resources */ = {
			isa = PBXResourcesBuildPhase;
			buildActionMask = 2147483647;
			files = (
				33DEFF471C376BBD002F4114 /* LaunchScreen.storyboard in Resources */,
				33DEFF441C376BBD002F4114 /* Assets.xcassets in Resources */,
				33DEFF421C376BBD002F4114 /* Main.storyboard in Resources */,
			);
			runOnlyForDeploymentPostprocessing = 0;
		};
/* End PBXResourcesBuildPhase section */

/* Begin PBXShellScriptBuildPhase section */
		8D57ABC48296B53F68EAB342 /* Copy Pods Resources */ = {
			isa = PBXShellScriptBuildPhase;
			buildActionMask = 2147483647;
			files = (
			);
			inputPaths = (
			);
			name = "Copy Pods Resources";
			outputPaths = (
			);
			runOnlyForDeploymentPostprocessing = 0;
			shellPath = /bin/sh;
			shellScript = "\"${SRCROOT}/Pods/Target Support Files/Pods-Method Swizzling/Pods-Method Swizzling-resources.sh\"\n";
			showEnvVarsInLog = 0;
		};
		91F68074429054906A12AB7F /* Check Pods Manifest.lock */ = {
			isa = PBXShellScriptBuildPhase;
			buildActionMask = 2147483647;
			files = (
			);
			inputPaths = (
			);
			name = "Check Pods Manifest.lock";
			outputPaths = (
			);
			runOnlyForDeploymentPostprocessing = 0;
			shellPath = /bin/sh;
			shellScript = "diff \"${PODS_ROOT}/../Podfile.lock\" \"${PODS_ROOT}/Manifest.lock\" > /dev/null\nif [[ $? != 0 ]] ; then\n    cat << EOM\nerror: The sandbox is not in sync with the Podfile.lock. Run 'pod install' or update your CocoaPods installation.\nEOM\n    exit 1\nfi\n";
			showEnvVarsInLog = 0;
		};
/* End PBXShellScriptBuildPhase section */

/* Begin PBXSourcesBuildPhase section */
		33DEFF301C376BBD002F4114 /* Sources */ = {
			isa = PBXSourcesBuildPhase;
			buildActionMask = 2147483647;
			files = (
				33DEFF3F1C376BBD002F4114 /* ViewController.m in Sources */,
				33DEFF3C1C376BBD002F4114 /* AppDelegate.m in Sources */,
				33DEFF551C376F59002F4114 /* UIViewController+MobClick.m in Sources */,
				33DEFF391C376BBD002F4114 /* main.m in Sources */,
			);
			runOnlyForDeploymentPostprocessing = 0;
		};
/* End PBXSourcesBuildPhase section */

/* Begin PBXVariantGroup section */
		33DEFF401C376BBD002F4114 /* Main.storyboard */ = {
			isa = PBXVariantGroup;
			children = (
				33DEFF411C376BBD002F4114 /* Base */,
			);
			name = Main.storyboard;
			sourceTree = "<group>";
		};
		33DEFF451C376BBD002F4114 /* LaunchScreen.storyboard */ = {
			isa = PBXVariantGroup;
			children = (
				33DEFF461C376BBD002F4114 /* Base */,
			);
			name = LaunchScreen.storyboard;
			sourceTree = "<group>";
		};
/* End PBXVariantGroup section */

/* Begin XCBuildConfiguration section */
		33DEFF491C376BBD002F4114 /* Debug */ = {
			isa = XCBuildConfiguration;
			buildSettings = {
				ALWAYS_SEARCH_USER_PATHS = NO;
				CLANG_CXX_LANGUAGE_STANDARD = "gnu++0x";
				CLANG_CXX_LIBRARY = "libc++";
				CLANG_ENABLE_MODULES = YES;
				CLANG_ENABLE_OBJC_ARC = YES;
				CLANG_WARN_BOOL_CONVERSION = YES;
				CLANG_WARN_CONSTANT_CONVERSION = YES;
				CLANG_WARN_DIRECT_OBJC_ISA_USAGE = YES_ERROR;
				CLANG_WARN_EMPTY_BODY = YES;
				CLANG_WARN_ENUM_CONVERSION = YES;
				CLANG_WARN_INT_CONVERSION = YES;
				CLANG_WARN_OBJC_ROOT_CLASS = YES_ERROR;
				CLANG_WARN_UNREACHABLE_CODE = YES;
				CLANG_WARN__DUPLICATE_METHOD_MATCH = YES;
				"CODE_SIGN_IDENTITY[sdk=iphoneos*]" = "iPhone Developer";
				COPY_PHASE_STRIP = NO;
				DEBUG_INFORMATION_FORMAT = dwarf;
				ENABLE_STRICT_OBJC_MSGSEND = YES;
				ENABLE_TESTABILITY = YES;
				GCC_C_LANGUAGE_STANDARD = gnu99;
				GCC_DYNAMIC_NO_PIC = NO;
				GCC_NO_COMMON_BLOCKS = YES;
				GCC_OPTIMIZATION_LEVEL = 0;
				GCC_PREPROCESSOR_DEFINITIONS = (
					"DEBUG=1",
					"$(inherited)",
				);
				GCC_WARN_64_TO_32_BIT_CONVERSION = YES;
				GCC_WARN_ABOUT_RETURN_TYPE = YES_ERROR;
				GCC_WARN_UNDECLARED_SELECTOR = YES;
				GCC_WARN_UNINITIALIZED_AUTOS = YES_AGGRESSIVE;
				GCC_WARN_UNUSED_FUNCTION = YES;
				GCC_WARN_UNUSED_VARIABLE = YES;
				IPHONEOS_DEPLOYMENT_TARGET = 9.2;
				MTL_ENABLE_DEBUG_INFO = YES;
				ONLY_ACTIVE_ARCH = YES;
				SDKROOT = iphoneos;
			};
			name = Debug;
		};
		33DEFF4A1C376BBD002F4114 /* Release */ = {
			isa = XCBuildConfiguration;
			buildSettings = {
				ALWAYS_SEARCH_USER_PATHS = NO;
				CLANG_CXX_LANGUAGE_STANDARD = "gnu++0x";
				CLANG_CXX_LIBRARY = "libc++";
				CLANG_ENABLE_MODULES = YES;
				CLANG_ENABLE_OBJC_ARC = YES;
				CLANG_WARN_BOOL_CONVERSION = YES;
				CLANG_WARN_CONSTANT_CONVERSION = YES;
				CLANG_WARN_DIRECT_OBJC_ISA_USAGE = YES_ERROR;
				CLANG_WARN_EMPTY_BODY = YES;
				CLANG_WARN_ENUM_CONVERSION = YES;
				CLANG_WARN_INT_CONVERSION = YES;
				CLANG_WARN_OBJC_ROOT_CLASS = YES_ERROR;
				CLANG_WARN_UNREACHABLE_CODE = YES;
				CLANG_WARN__DUPLICATE_METHOD_MATCH = YES;
				"CODE_SIGN_IDENTITY[sdk=iphoneos*]" = "iPhone Developer";
				COPY_PHASE_STRIP = NO;
				DEBUG_INFORMATION_FORMAT = "dwarf-with-dsym";
				ENABLE_NS_ASSERTIONS = NO;
				ENABLE_STRICT_OBJC_MSGSEND = YES;
				GCC_C_LANGUAGE_STANDARD = gnu99;
				GCC_NO_COMMON_BLOCKS = YES;
				GCC_WARN_64_TO_32_BIT_CONVERSION = YES;
				GCC_WARN_ABOUT_RETURN_TYPE = YES_ERROR;
				GCC_WARN_UNDECLARED_SELECTOR = YES;
				GCC_WARN_UNINITIALIZED_AUTOS = YES_AGGRESSIVE;
				GCC_WARN_UNUSED_FUNCTION = YES;
				GCC_WARN_UNUSED_VARIABLE = YES;
				IPHONEOS_DEPLOYMENT_TARGET = 9.2;
				MTL_ENABLE_DEBUG_INFO = NO;
				SDKROOT = iphoneos;
				VALIDATE_PRODUCT = YES;
			};
			name = Release;
		};
		33DEFF4C1C376BBD002F4114 /* Debug */ = {
			isa = XCBuildConfiguration;
			baseConfigurationReference = CA843FDCCF122B4A01E57625 /* Pods-Method Swizzling.debug.xcconfig */;
			buildSettings = {
				ASSETCATALOG_COMPILER_APPICON_NAME = AppIcon;
				INFOPLIST_FILE = "Method Swizzling/Info.plist";
				LD_RUNPATH_SEARCH_PATHS = "$(inherited) @executable_path/Frameworks";
				PRODUCT_BUNDLE_IDENTIFIER = "com.bluesky.Method-Swizzling";
				PRODUCT_NAME = "$(TARGET_NAME)";
			};
			name = Debug;
		};
		33DEFF4D1C376BBD002F4114 /* Release */ = {
			isa = XCBuildConfiguration;
			baseConfigurationReference = 636F5B56B7CFF8EA6E6B8461 /* Pods-Method Swizzling.release.xcconfig */;
			buildSettings = {
				ASSETCATALOG_COMPILER_APPICON_NAME = AppIcon;
				INFOPLIST_FILE = "Method Swizzling/Info.plist";
				LD_RUNPATH_SEARCH_PATHS = "$(inherited) @executable_path/Frameworks";
				PRODUCT_BUNDLE_IDENTIFIER = "com.bluesky.Method-Swizzling";
				PRODUCT_NAME = "$(TARGET_NAME)";
			};
			name = Release;
		};
/* End XCBuildConfiguration section */

/* Begin XCConfigurationList section */
		33DEFF2F1C376BBD002F4114 /* Build configuration list for PBXProject "Method Swizzling" */ = {
			isa = XCConfigurationList;
			buildConfigurations = (
				33DEFF491C376BBD002F4114 /* Debug */,
				33DEFF4A1C376BBD002F4114 /* Release */,
			);
			defaultConfigurationIsVisible = 0;
			defaultConfigurationName = Release;
		};
		33DEFF4B1C376BBD002F4114 /* Build configuration list for PBXNativeTarget "Method Swizzling" */ = {
			isa = XCConfigurationList;
			buildConfigurations = (
				33DEFF4C1C376BBD002F4114 /* Debug */,
				33DEFF4D1C376BBD002F4114 /* Release */,
			);
			defaultConfigurationIsVisible = 0;
			defaultConfigurationName = Release;
		};
/* End XCConfigurationList section */
	};
	rootObject = 33DEFF2C1C376BBD002F4114 /* Project object */;
}
